// !$*UTF8*$!
{
	archiveVersion = 1;
	classes = {
	};
	objectVersion = 46;
	objects = {

/* Begin PBXBuildFile section */
		A55A37F31F7166E400DE037B /* TableViewCell.xib in Resources */ = {isa = PBXBuildFile; fileRef = A55A37F21F7166E400DE037B /* TableViewCell.xib */; };
		A55A37F51F716FA400DE037B /* CustomClass.swift in Sources */ = {isa = PBXBuildFile; fileRef = A55A37F41F716FA400DE037B /* CustomClass.swift */; };
		A55A37F71F71777500DE037B /* HomeTableViewController.swift in Sources */ = {isa = PBXBuildFile; fileRef = A55A37F61F71777500DE037B /* HomeTableViewController.swift */; };
		A5E3E96F1F4C3CE8002392E5 /* AppDelegate.swift in Sources */ = {isa = PBXBuildFile; fileRef = A5E3E96E1F4C3CE8002392E5 /* AppDelegate.swift */; };
		A5E3E9711F4C3CE8002392E5 /* TimeLineViewController.swift in Sources */ = {isa = PBXBuildFile; fileRef = A5E3E9701F4C3CE8002392E5 /* TimeLineViewController.swift */; };
		A5E3E9741F4C3CE8002392E5 /* Main.storyboard in Resources */ = {isa = PBXBuildFile; fileRef = A5E3E9721F4C3CE8002392E5 /* Main.storyboard */; };
		A5E3E9761F4C3CE8002392E5 /* Assets.xcassets in Resources */ = {isa = PBXBuildFile; fileRef = A5E3E9751F4C3CE8002392E5 /* Assets.xcassets */; };
		A5E3E9791F4C3CE8002392E5 /* LaunchScreen.storyboard in Resources */ = {isa = PBXBuildFile; fileRef = A5E3E9771F4C3CE8002392E5 /* LaunchScreen.storyboard */; };
		A5E3E9841F4C3CE8002392E5 /* plomyTests.swift in Sources */ = {isa = PBXBuildFile; fileRef = A5E3E9831F4C3CE8002392E5 /* plomyTests.swift */; };
		A5E3E98F1F4C3CE8002392E5 /* plomyUITests.swift in Sources */ = {isa = PBXBuildFile; fileRef = A5E3E98E1F4C3CE8002392E5 /* plomyUITests.swift */; };
		A5E3E99E1F4C62DA002392E5 /* PostTableViewCell.swift in Sources */ = {isa = PBXBuildFile; fileRef = A5E3E99D1F4C62DA002392E5 /* PostTableViewCell.swift */; };
		A5E3E9A91F4C6D77002392E5 /* SearchViewController.swift in Sources */ = {isa = PBXBuildFile; fileRef = A5E3E9A81F4C6D77002392E5 /* SearchViewController.swift */; };
		A5E3E9AB1F4C6DA8002392E5 /* NotificationViewController.swift in Sources */ = {isa = PBXBuildFile; fileRef = A5E3E9AA1F4C6DA8002392E5 /* NotificationViewController.swift */; };
		A5E3E9AD1F4C6DFA002392E5 /* PostViewController.swift in Sources */ = {isa = PBXBuildFile; fileRef = A5E3E9AC1F4C6DFA002392E5 /* PostViewController.swift */; };
		A5E3E9AF1F4C6E18002392E5 /* ProfileViewController.swift in Sources */ = {isa = PBXBuildFile; fileRef = A5E3E9AE1F4C6E18002392E5 /* ProfileViewController.swift */; };
/* End PBXBuildFile section */

/* Begin PBXContainerItemProxy section */
		A5E3E9801F4C3CE8002392E5 /* PBXContainerItemProxy */ = {
			isa = PBXContainerItemProxy;
			containerPortal = A5E3E9631F4C3CE8002392E5 /* Project object */;
			proxyType = 1;
			remoteGlobalIDString = A5E3E96A1F4C3CE8002392E5;
			remoteInfo = plomy;
		};
		A5E3E98B1F4C3CE8002392E5 /* PBXContainerItemProxy */ = {
			isa = PBXContainerItemProxy;
			containerPortal = A5E3E9631F4C3CE8002392E5 /* Project object */;
			proxyType = 1;
			remoteGlobalIDString = A5E3E96A1F4C3CE8002392E5;
			remoteInfo = plomy;
		};
/* End PBXContainerItemProxy section */

/* Begin PBXFileReference section */
		A55A37F21F7166E400DE037B /* TableViewCell.xib */ = {isa = PBXFileReference; fileEncoding = 4; lastKnownFileType = file.xib; path = TableViewCell.xib; sourceTree = "<group>"; };
		A55A37F41F716FA400DE037B /* CustomClass.swift */ = {isa = PBXFileReference; fileEncoding = 4; lastKnownFileType = sourcecode.swift; path = CustomClass.swift; sourceTree = "<group>"; };
		A55A37F61F71777500DE037B /* HomeTableViewController.swift */ = {isa = PBXFileReference; fileEncoding = 4; lastKnownFileType = sourcecode.swift; path = HomeTableViewController.swift; sourceTree = "<group>"; };
		A5E3E96B1F4C3CE8002392E5 /* plomy.app */ = {isa = PBXFileReference; explicitFileType = wrapper.application; includeInIndex = 0; path = plomy.app; sourceTree = BUILT_PRODUCTS_DIR; };
		A5E3E96E1F4C3CE8002392E5 /* AppDelegate.swift */ = {isa = PBXFileReference; lastKnownFileType = sourcecode.swift; path = AppDelegate.swift; sourceTree = "<group>"; };
		A5E3E9701F4C3CE8002392E5 /* TimeLineViewController.swift */ = {isa = PBXFileReference; lastKnownFileType = sourcecode.swift; path = TimeLineViewController.swift; sourceTree = "<group>"; };
		A5E3E9731F4C3CE8002392E5 /* Base */ = {isa = PBXFileReference; lastKnownFileType = file.storyboard; name = Base; path = Base.lproj/Main.storyboard; sourceTree = "<group>"; };
		A5E3E9751F4C3CE8002392E5 /* Assets.xcassets */ = {isa = PBXFileReference; lastKnownFileType = folder.assetcatalog; path = Assets.xcassets; sourceTree = "<group>"; };
		A5E3E9781F4C3CE8002392E5 /* Base */ = {isa = PBXFileReference; lastKnownFileType = file.storyboard; name = Base; path = Base.lproj/LaunchScreen.storyboard; sourceTree = "<group>"; };
		A5E3E97A1F4C3CE8002392E5 /* Info.plist */ = {isa = PBXFileReference; lastKnownFileType = text.plist.xml; path = Info.plist; sourceTree = "<group>"; };
		A5E3E97F1F4C3CE8002392E5 /* plomyTests.xctest */ = {isa = PBXFileReference; explicitFileType = wrapper.cfbundle; includeInIndex = 0; path = plomyTests.xctest; sourceTree = BUILT_PRODUCTS_DIR; };
		A5E3E9831F4C3CE8002392E5 /* plomyTests.swift */ = {isa = PBXFileReference; lastKnownFileType = sourcecode.swift; path = plomyTests.swift; sourceTree = "<group>"; };
		A5E3E9851F4C3CE8002392E5 /* Info.plist */ = {isa = PBXFileReference; lastKnownFileType = text.plist.xml; path = Info.plist; sourceTree = "<group>"; };
		A5E3E98A1F4C3CE8002392E5 /* plomyUITests.xctest */ = {isa = PBXFileReference; explicitFileType = wrapper.cfbundle; includeInIndex = 0; path = plomyUITests.xctest; sourceTree = BUILT_PRODUCTS_DIR; };
		A5E3E98E1F4C3CE8002392E5 /* plomyUITests.swift */ = {isa = PBXFileReference; lastKnownFileType = sourcecode.swift; path = plomyUITests.swift; sourceTree = "<group>"; };
		A5E3E9901F4C3CE8002392E5 /* Info.plist */ = {isa = PBXFileReference; lastKnownFileType = text.plist.xml; path = Info.plist; sourceTree = "<group>"; };
		A5E3E99D1F4C62DA002392E5 /* PostTableViewCell.swift */ = {isa = PBXFileReference; fileEncoding = 4; lastKnownFileType = sourcecode.swift; path = PostTableViewCell.swift; sourceTree = "<group>"; };
		A5E3E9A81F4C6D77002392E5 /* SearchViewController.swift */ = {isa = PBXFileReference; fileEncoding = 4; lastKnownFileType = sourcecode.swift; path = SearchViewController.swift; sourceTree = "<group>"; };
		A5E3E9AA1F4C6DA8002392E5 /* NotificationViewController.swift */ = {isa = PBXFileReference; fileEncoding = 4; lastKnownFileType = sourcecode.swift; path = NotificationViewController.swift; sourceTree = "<group>"; };
		A5E3E9AC1F4C6DFA002392E5 /* PostViewController.swift */ = {isa = PBXFileReference; fileEncoding = 4; lastKnownFileType = sourcecode.swift; path = PostViewController.swift; sourceTree = "<group>"; };
		A5E3E9AE1F4C6E18002392E5 /* ProfileViewController.swift */ = {isa = PBXFileReference; fileEncoding = 4; lastKnownFileType = sourcecode.swift; path = ProfileViewController.swift; sourceTree = "<group>"; };
/* End PBXFileReference section */

/* Begin PBXFrameworksBuildPhase section */
		A5E3E9681F4C3CE8002392E5 /* Frameworks */ = {
			isa = PBXFrameworksBuildPhase;
			buildActionMask = 2147483647;
			files = (
			);
			runOnlyForDeploymentPostprocessing = 0;
		};
		A5E3E97C1F4C3CE8002392E5 /* Frameworks */ = {
			isa = PBXFrameworksBuildPhase;
			buildActionMask = 2147483647;
			files = (
			);
			runOnlyForDeploymentPostprocessing = 0;
		};
		A5E3E9871F4C3CE8002392E5 /* Frameworks */ = {
			isa = PBXFrameworksBuildPhase;
			buildActionMask = 2147483647;
			files = (
			);
			runOnlyForDeploymentPostprocessing = 0;
		};
/* End PBXFrameworksBuildPhase section */

/* Begin PBXGroup section */
		A5E3E9621F4C3CE8002392E5 = {
			isa = PBXGroup;
			children = (
				A5E3E96D1F4C3CE8002392E5 /* plomy */,
				A5E3E9821F4C3CE8002392E5 /* plomyTests */,
				A5E3E98D1F4C3CE8002392E5 /* plomyUITests */,
				A5E3E96C1F4C3CE8002392E5 /* Products */,
			);
			sourceTree = "<group>";
		};
		A5E3E96C1F4C3CE8002392E5 /* Products */ = {
			isa = PBXGroup;
			children = (
				A5E3E96B1F4C3CE8002392E5 /* plomy.app */,
				A5E3E97F1F4C3CE8002392E5 /* plomyTests.xctest */,
				A5E3E98A1F4C3CE8002392E5 /* plomyUITests.xctest */,
			);
			name = Products;
			sourceTree = "<group>";
		};
		A5E3E96D1F4C3CE8002392E5 /* plomy */ = {
			isa = PBXGroup;
			children = (
				A5E3E96E1F4C3CE8002392E5 /* AppDelegate.swift */,
				A5E3E9A71F4C6C83002392E5 /* Profile */,
				A5E3E9A61F4C6C76002392E5 /* Post */,
				A5E3E9A51F4C6C6D002392E5 /* Notification */,
				A5E3E9A41F4C6C44002392E5 /* Search */,
				A5E3E99C1F4C5EF4002392E5 /* Home */,
				A5E3E9721F4C3CE8002392E5 /* Main.storyboard */,
				A5E3E9751F4C3CE8002392E5 /* Assets.xcassets */,
				A5E3E9771F4C3CE8002392E5 /* LaunchScreen.storyboard */,
				A5E3E97A1F4C3CE8002392E5 /* Info.plist */,
				A55A37F21F7166E400DE037B /* TableViewCell.xib */,
				A55A37F41F716FA400DE037B /* CustomClass.swift */,
			);
			path = plomy;
			sourceTree = "<group>";
		};
		A5E3E9821F4C3CE8002392E5 /* plomyTests */ = {
			isa = PBXGroup;
			children = (
				A5E3E9831F4C3CE8002392E5 /* plomyTests.swift */,
				A5E3E9851F4C3CE8002392E5 /* Info.plist */,
			);
			path = plomyTests;
			sourceTree = "<group>";
		};
		A5E3E98D1F4C3CE8002392E5 /* plomyUITests */ = {
			isa = PBXGroup;
			children = (
				A5E3E98E1F4C3CE8002392E5 /* plomyUITests.swift */,
				A5E3E9901F4C3CE8002392E5 /* Info.plist */,
			);
			path = plomyUITests;
			sourceTree = "<group>";
		};
		A5E3E99C1F4C5EF4002392E5 /* Home */ = {
			isa = PBXGroup;
			children = (
				A5E3E9701F4C3CE8002392E5 /* TimeLineViewController.swift */,
				A5E3E99D1F4C62DA002392E5 /* PostTableViewCell.swift */,
				A55A37F61F71777500DE037B /* HomeTableViewController.swift */,
			);
			name = Home;
			sourceTree = "<group>";
		};
		A5E3E9A41F4C6C44002392E5 /* Search */ = {
			isa = PBXGroup;
			children = (
				A5E3E9A81F4C6D77002392E5 /* SearchViewController.swift */,
			);
			name = Search;
			sourceTree = "<group>";
		};
		A5E3E9A51F4C6C6D002392E5 /* Notification */ = {
			isa = PBXGroup;
			children = (
				A5E3E9AA1F4C6DA8002392E5 /* NotificationViewController.swift */,
			);
			name = Notification;
			sourceTree = "<group>";
		};
		A5E3E9A61F4C6C76002392E5 /* Post */ = {
			isa = PBXGroup;
			children = (
				A5E3E9AC1F4C6DFA002392E5 /* PostViewController.swift */,
			);
			name = Post;
			sourceTree = "<group>";
		};
		A5E3E9A71F4C6C83002392E5 /* Profile */ = {
			isa = PBXGroup;
			children = (
				A5E3E9AE1F4C6E18002392E5 /* ProfileViewController.swift */,
			);
			name = Profile;
			sourceTree = "<group>";
		};
/* End PBXGroup section */

/* Begin PBXNativeTarget section */
		A5E3E96A1F4C3CE8002392E5 /* plomy */ = {
			isa = PBXNativeTarget;
			buildConfigurationList = A5E3E9931F4C3CE8002392E5 /* Build configuration list for PBXNativeTarget "plomy" */;
			buildPhases = (
				A5E3E9671F4C3CE8002392E5 /* Sources */,
				A5E3E9681F4C3CE8002392E5 /* Frameworks */,
				A5E3E9691F4C3CE8002392E5 /* Resources */,
			);
			buildRules = (
			);
			dependencies = (
			);
			name = plomy;
			productName = plomy;
			productReference = A5E3E96B1F4C3CE8002392E5 /* plomy.app */;
			productType = "com.apple.product-type.application";
		};
		A5E3E97E1F4C3CE8002392E5 /* plomyTests */ = {
			isa = PBXNativeTarget;
			buildConfigurationList = A5E3E9961F4C3CE8002392E5 /* Build configuration list for PBXNativeTarget "plomyTests" */;
			buildPhases = (
				A5E3E97B1F4C3CE8002392E5 /* Sources */,
				A5E3E97C1F4C3CE8002392E5 /* Frameworks */,
				A5E3E97D1F4C3CE8002392E5 /* Resources */,
			);
			buildRules = (
			);
			dependencies = (
				A5E3E9811F4C3CE8002392E5 /* PBXTargetDependency */,
			);
			name = plomyTests;
			productName = plomyTests;
			productReference = A5E3E97F1F4C3CE8002392E5 /* plomyTests.xctest */;
			productType = "com.apple.product-type.bundle.unit-test";
		};
		A5E3E9891F4C3CE8002392E5 /* plomyUITests */ = {
			isa = PBXNativeTarget;
			buildConfigurationList = A5E3E9991F4C3CE8002392E5 /* Build configuration list for PBXNativeTarget "plomyUITests" */;
			buildPhases = (
				A5E3E9861F4C3CE8002392E5 /* Sources */,
				A5E3E9871F4C3CE8002392E5 /* Frameworks */,
				A5E3E9881F4C3CE8002392E5 /* Resources */,
			);
			buildRules = (
			);
			dependencies = (
				A5E3E98C1F4C3CE8002392E5 /* PBXTargetDependency */,
			);
			name = plomyUITests;
			productName = plomyUITests;
			productReference = A5E3E98A1F4C3CE8002392E5 /* plomyUITests.xctest */;
			productType = "com.apple.product-type.bundle.ui-testing";
		};
/* End PBXNativeTarget section */

/* Begin PBXProject section */
		A5E3E9631F4C3CE8002392E5 /* Project object */ = {
			isa = PBXProject;
			attributes = {
				LastSwiftUpdateCheck = 0830;
				LastUpgradeCheck = 0830;
				ORGANIZATIONNAME = ren;
				TargetAttributes = {
					A5E3E96A1F4C3CE8002392E5 = {
						CreatedOnToolsVersion = 8.3.3;
						DevelopmentTeam = 3XXP2WY9Q3;
						ProvisioningStyle = Automatic;
					};
					A5E3E97E1F4C3CE8002392E5 = {
						CreatedOnToolsVersion = 8.3.3;
						DevelopmentTeam = 3XXP2WY9Q3;
						ProvisioningStyle = Automatic;
						TestTargetID = A5E3E96A1F4C3CE8002392E5;
					};
					A5E3E9891F4C3CE8002392E5 = {
						CreatedOnToolsVersion = 8.3.3;
						DevelopmentTeam = 3XXP2WY9Q3;
						ProvisioningStyle = Automatic;
						TestTargetID = A5E3E96A1F4C3CE8002392E5;
					};
				};
			};
			buildConfigurationList = A5E3E9661F4C3CE8002392E5 /* Build configuration list for PBXProject "plomy" */;
			compatibilityVersion = "Xcode 3.2";
			developmentRegion = English;
			hasScannedForEncodings = 0;
			knownRegions = (
				en,
				Base,
			);
			mainGroup = A5E3E9621F4C3CE8002392E5;
			productRefGroup = A5E3E96C1F4C3CE8002392E5 /* Products */;
			projectDirPath = "";
			projectRoot = "";
			targets = (
				A5E3E96A1F4C3CE8002392E5 /* plomy */,
				A5E3E97E1F4C3CE8002392E5 /* plomyTests */,
				A5E3E9891F4C3CE8002392E5 /* plomyUITests */,
			);
		};
/* End PBXProject section */

/* Begin PBXResourcesBuildPhase section */
		A5E3E9691F4C3CE8002392E5 /* Resources */ = {
			isa = PBXResourcesBuildPhase;
			buildActionMask = 2147483647;
			files = (
				A5E3E9791F4C3CE8002392E5 /* LaunchScreen.storyboard in Resources */,
				A55A37F31F7166E400DE037B /* TableViewCell.xib in Resources */,
				A5E3E9761F4C3CE8002392E5 /* Assets.xcassets in Resources */,
				A5E3E9741F4C3CE8002392E5 /* Main.storyboard in Resources */,
			);
			runOnlyForDeploymentPostprocessing = 0;
		};
		A5E3E97D1F4C3CE8002392E5 /* Resources */ = {
			isa = PBXResourcesBuildPhase;
			buildActionMask = 2147483647;
			files = (
			);
			runOnlyForDeploymentPostprocessing = 0;
		};
		A5E3E9881F4C3CE8002392E5 /* Resources */ = {
			isa = PBXResourcesBuildPhase;
			buildActionMask = 2147483647;
			files = (
			);
			runOnlyForDeploymentPostprocessing = 0;
		};
/* End PBXResourcesBuildPhase section */

/* Begin PBXSourcesBuildPhase section */
		A5E3E9671F4C3CE8002392E5 /* Sources */ = {
			isa = PBXSourcesBuildPhase;
			buildActionMask = 2147483647;
			files = (
				A5E3E9AD1F4C6DFA002392E5 /* PostViewController.swift in Sources */,
				A5E3E9AB1F4C6DA8002392E5 /* NotificationViewController.swift in Sources */,
				A5E3E9711F4C3CE8002392E5 /* TimeLineViewController.swift in Sources */,
				A5E3E96F1F4C3CE8002392E5 /* AppDelegate.swift in Sources */,
				A5E3E9AF1F4C6E18002392E5 /* ProfileViewController.swift in Sources */,
				A55A37F51F716FA400DE037B /* CustomClass.swift in Sources */,
				A55A37F71F71777500DE037B /* HomeTableViewController.swift in Sources */,
				A5E3E9A91F4C6D77002392E5 /* SearchViewController.swift in Sources */,
				A5E3E99E1F4C62DA002392E5 /* PostTableViewCell.swift in Sources */,
			);
			runOnlyForDeploymentPostprocessing = 0;
		};
		A5E3E97B1F4C3CE8002392E5 /* Sources */ = {
			isa = PBXSourcesBuildPhase;
			buildActionMask = 2147483647;
			files = (
				A5E3E9841F4C3CE8002392E5 /* plomyTests.swift in Sources */,
			);
			runOnlyForDeploymentPostprocessing = 0;
		};
		A5E3E9861F4C3CE8002392E5 /* Sources */ = {
			isa = PBXSourcesBuildPhase;
			buildActionMask = 2147483647;
			files = (
				A5E3E98F1F4C3CE8002392E5 /* plomyUITests.swift in Sources */,
			);
			runOnlyForDeploymentPostprocessing = 0;
		};
/* End PBXSourcesBuildPhase section */

/* Begin PBXTargetDependency section */
		A5E3E9811F4C3CE8002392E5 /* PBXTargetDependency */ = {
			isa = PBXTargetDependency;
			target = A5E3E96A1F4C3CE8002392E5 /* plomy */;
			targetProxy = A5E3E9801F4C3CE8002392E5 /* PBXContainerItemProxy */;
		};
		A5E3E98C1F4C3CE8002392E5 /* PBXTargetDependency */ = {
			isa = PBXTargetDependency;
			target = A5E3E96A1F4C3CE8002392E5 /* plomy */;
			targetProxy = A5E3E98B1F4C3CE8002392E5 /* PBXContainerItemProxy */;
		};
/* End PBXTargetDependency section */

/* Begin PBXVariantGroup section */
		A5E3E9721F4C3CE8002392E5 /* Main.storyboard */ = {
			isa = PBXVariantGroup;
			children = (
				A5E3E9731F4C3CE8002392E5 /* Base */,
			);
			name = Main.storyboard;
			sourceTree = "<group>";
		};
		A5E3E9771F4C3CE8002392E5 /* LaunchScreen.storyboard */ = {
			isa = PBXVariantGroup;
			children = (
				A5E3E9781F4C3CE8002392E5 /* Base */,
			);
			name = LaunchScreen.storyboard;
			sourceTree = "<group>";
		};
/* End PBXVariantGroup section */

/* Begin XCBuildConfiguration section */
		A5E3E9911F4C3CE8002392E5 /* Debug */ = {
			isa = XCBuildConfiguration;
			buildSettings = {
				ALWAYS_SEARCH_USER_PATHS = NO;
				CLANG_ANALYZER_NONNULL = YES;
				CLANG_ANALYZER_NUMBER_OBJECT_CONVERSION = YES_AGGRESSIVE;
				CLANG_CXX_LANGUAGE_STANDARD = "gnu++0x";
				CLANG_CXX_LIBRARY = "libc++";
				CLANG_ENABLE_MODULES = YES;
				CLANG_ENABLE_OBJC_ARC = YES;
				CLANG_WARN_BOOL_CONVERSION = YES;
				CLANG_WARN_CONSTANT_CONVERSION = YES;
				CLANG_WARN_DIRECT_OBJC_ISA_USAGE = YES_ERROR;
				CLANG_WARN_DOCUMENTATION_COMMENTS = YES;
				CLANG_WARN_EMPTY_BODY = YES;
				CLANG_WARN_ENUM_CONVERSION = YES;
				CLANG_WARN_INFINITE_RECURSION = YES;
				CLANG_WARN_INT_CONVERSION = YES;
				CLANG_WARN_OBJC_ROOT_CLASS = YES_ERROR;
				CLANG_WARN_SUSPICIOUS_MOVE = YES;
				CLANG_WARN_UNREACHABLE_CODE = YES;
				CLANG_WARN__DUPLICATE_METHOD_MATCH = YES;
				"CODE_SIGN_IDENTITY[sdk=iphoneos*]" = "iPhone Developer";
				COPY_PHASE_STRIP = NO;
				DEBUG_INFORMATION_FORMAT = dwarf;
				ENABLE_STRICT_OBJC_MSGSEND = YES;
				ENABLE_TESTABILITY = YES;
				GCC_C_LANGUAGE_STANDARD = gnu99;
				GCC_DYNAMIC_NO_PIC = NO;
				GCC_NO_COMMON_BLOCKS = YES;
				GCC_OPTIMIZATION_LEVEL = 0;
				GCC_PREPROCESSOR_DEFINITIONS = (
					"DEBUG=1",
					"$(inherited)",
				);
				GCC_WARN_64_TO_32_BIT_CONVERSION = YES;
				GCC_WARN_ABOUT_RETURN_TYPE = YES_ERROR;
				GCC_WARN_UNDECLARED_SELECTOR = YES;
				GCC_WARN_UNINITIALIZED_AUTOS = YES_AGGRESSIVE;
				GCC_WARN_UNUSED_FUNCTION = YES;
				GCC_WARN_UNUSED_VARIABLE = YES;
				IPHONEOS_DEPLOYMENT_TARGET = 10.3;
				MTL_ENABLE_DEBUG_INFO = YES;
				ONLY_ACTIVE_ARCH = YES;
				SDKROOT = iphoneos;
				SWIFT_ACTIVE_COMPILATION_CONDITIONS = DEBUG;
				SWIFT_OPTIMIZATION_LEVEL = "-Onone";
			};
			name = Debug;
		};
		A5E3E9921F4C3CE8002392E5 /* Release */ = {
			isa = XCBuildConfiguration;
			buildSettings = {
				ALWAYS_SEARCH_USER_PATHS = NO;
				CLANG_ANALYZER_NONNULL = YES;
				CLANG_ANALYZER_NUMBER_OBJECT_CONVERSION = YES_AGGRESSIVE;
				CLANG_CXX_LANGUAGE_STANDARD = "gnu++0x";
				CLANG_CXX_LIBRARY = "libc++";
				CLANG_ENABLE_MODULES = YES;
				CLANG_ENABLE_OBJC_ARC = YES;
				CLANG_WARN_BOOL_CONVERSION = YES;
				CLANG_WARN_CONSTANT_CONVERSION = YES;
				CLANG_WARN_DIRECT_OBJC_ISA_USAGE = YES_ERROR;
				CLANG_WARN_DOCUMENTATION_COMMENTS = YES;
				CLANG_WARN_EMPTY_BODY = YES;
				CLANG_WARN_ENUM_CONVERSION = YES;
				CLANG_WARN_INFINITE_RECURSION = YES;
				CLANG_WARN_INT_CONVERSION = YES;
				CLANG_WARN_OBJC_ROOT_CLASS = YES_ERROR;
				CLANG_WARN_SUSPICIOUS_MOVE = YES;
				CLANG_WARN_UNREACHABLE_CODE = YES;
				CLANG_WARN__DUPLICATE_METHOD_MATCH = YES;
				"CODE_SIGN_IDENTITY[sdk=iphoneos*]" = "iPhone Developer";
				COPY_PHASE_STRIP = NO;
				DEBUG_INFORMATION_FORMAT = "dwarf-with-dsym";
				ENABLE_NS_ASSERTIONS = NO;
				ENABLE_STRICT_OBJC_MSGSEND = YES;
				GCC_C_LANGUAGE_STANDARD = gnu99;
				GCC_NO_COMMON_BLOCKS = YES;
				GCC_WARN_64_TO_32_BIT_CONVERSION = YES;
				GCC_WARN_ABOUT_RETURN_TYPE = YES_ERROR;
				GCC_WARN_UNDECLARED_SELECTOR = YES;
				GCC_WARN_UNINITIALIZED_AUTOS = YES_AGGRESSIVE;
				GCC_WARN_UNUSED_FUNCTION = YES;
				GCC_WARN_UNUSED_VARIABLE = YES;
				IPHONEOS_DEPLOYMENT_TARGET = 10.3;
				MTL_ENABLE_DEBUG_INFO = NO;
				SDKROOT = iphoneos;
				SWIFT_OPTIMIZATION_LEVEL = "-Owholemodule";
				VALIDATE_PRODUCT = YES;
			};
			name = Release;
		};
		A5E3E9941F4C3CE8002392E5 /* Debug */ = {
			isa = XCBuildConfiguration;
			buildSettings = {
				ASSETCATALOG_COMPILER_APPICON_NAME = AppIcon;
				DEVELOPMENT_TEAM = 3XXP2WY9Q3;
				INFOPLIST_FILE = plomy/Info.plist;
				LD_RUNPATH_SEARCH_PATHS = "$(inherited) @executable_path/Frameworks";
				PRODUCT_BUNDLE_IDENTIFIER = com.plomy;
				PRODUCT_NAME = "$(TARGET_NAME)";
				SWIFT_VERSION = 3.0;
			};
			name = Debug;
		};
		A5E3E9951F4C3CE8002392E5 /* Release */ = {
			isa = XCBuildConfiguration;
			buildSettings = {
				ASSETCATALOG_COMPILER_APPICON_NAME = AppIcon;
				DEVELOPMENT_TEAM = 3XXP2WY9Q3;
				INFOPLIST_FILE = plomy/Info.plist;
				LD_RUNPATH_SEARCH_PATHS = "$(inherited) @executable_path/Frameworks";
				PRODUCT_BUNDLE_IDENTIFIER = com.plomy;
				PRODUCT_NAME = "$(TARGET_NAME)";
				SWIFT_VERSION = 3.0;
			};
			name = Release;
		};
		A5E3E9971F4C3CE8002392E5 /* Debug */ = {
			isa = XCBuildConfiguration;
			buildSettings = {
				ALWAYS_EMBED_SWIFT_STANDARD_LIBRARIES = YES;
				BUNDLE_LOADER = "$(TEST_HOST)";
				DEVELOPMENT_TEAM = 3XXP2WY9Q3;
				INFOPLIST_FILE = plomyTests/Info.plist;
				LD_RUNPATH_SEARCH_PATHS = "$(inherited) @executable_path/Frameworks @loader_path/Frameworks";
				PRODUCT_BUNDLE_IDENTIFIER = com.plomyTests;
				PRODUCT_NAME = "$(TARGET_NAME)";
				SWIFT_VERSION = 3.0;
				TEST_HOST = "$(BUILT_PRODUCTS_DIR)/plomy.app/plomy";
			};
			name = Debug;
		};
		A5E3E9981F4C3CE8002392E5 /* Release */ = {
			isa = XCBuildConfiguration;
			buildSettings = {
				ALWAYS_EMBED_SWIFT_STANDARD_LIBRARIES = YES;
				BUNDLE_LOADER = "$(TEST_HOST)";
				DEVELOPMENT_TEAM = 3XXP2WY9Q3;
				INFOPLIST_FILE = plomyTests/Info.plist;
				LD_RUNPATH_SEARCH_PATHS = "$(inherited) @executable_path/Frameworks @loader_path/Frameworks";
				PRODUCT_BUNDLE_IDENTIFIER = com.plomyTests;
				PRODUCT_NAME = "$(TARGET_NAME)";
				SWIFT_VERSION = 3.0;
				TEST_HOST = "$(BUILT_PRODUCTS_DIR)/plomy.app/plomy";
			};
			name = Release;
		};
		A5E3E99A1F4C3CE8002392E5 /* Debug */ = {
			isa = XCBuildConfiguration;
			buildSettings = {
				ALWAYS_EMBED_SWIFT_STANDARD_LIBRARIES = YES;
				DEVELOPMENT_TEAM = 3XXP2WY9Q3;
				INFOPLIST_FILE = plomyUITests/Info.plist;
				LD_RUNPATH_SEARCH_PATHS = "$(inherited) @executable_path/Frameworks @loader_path/Frameworks";
				PRODUCT_BUNDLE_IDENTIFIER = com.plomyUITests;
				PRODUCT_NAME = "$(TARGET_NAME)";
				SWIFT_VERSION = 3.0;
				TEST_TARGET_NAME = plomy;
			};
			name = Debug;
		};
		A5E3E99B1F4C3CE8002392E5 /* Release */ = {
			isa = XCBuildConfiguration;
			buildSettings = {
				ALWAYS_EMBED_SWIFT_STANDARD_LIBRARIES = YES;
				DEVELOPMENT_TEAM = 3XXP2WY9Q3;
				INFOPLIST_FILE = plomyUITests/Info.plist;
				LD_RUNPATH_SEARCH_PATHS = "$(inherited) @executable_path/Frameworks @loader_path/Frameworks";
				PRODUCT_BUNDLE_IDENTIFIER = com.plomyUITests;
				PRODUCT_NAME = "$(TARGET_NAME)";
				SWIFT_VERSION = 3.0;
				TEST_TARGET_NAME = plomy;
			};
			name = Release;
		};
/* End XCBuildConfiguration section */

/* Begin XCConfigurationList section */
		A5E3E9661F4C3CE8002392E5 /* Build configuration list for PBXProject "plomy" */ = {
			isa = XCConfigurationList;
			buildConfigurations = (
				A5E3E9911F4C3CE8002392E5 /* Debug */,
				A5E3E9921F4C3CE8002392E5 /* Release */,
			);
			defaultConfigurationIsVisible = 0;
			defaultConfigurationName = Release;
		};
		A5E3E9931F4C3CE8002392E5 /* Build configuration list for PBXNativeTarget "plomy" */ = {
			isa = XCConfigurationList;
			buildConfigurations = (
				A5E3E9941F4C3CE8002392E5 /* Debug */,
				A5E3E9951F4C3CE8002392E5 /* Release */,
			);
			defaultConfigurationIsVisible = 0;
			defaultConfigurationName = Release;
		};
		A5E3E9961F4C3CE8002392E5 /* Build configuration list for PBXNativeTarget "plomyTests" */ = {
			isa = XCConfigurationList;
			buildConfigurations = (
				A5E3E9971F4C3CE8002392E5 /* Debug */,
				A5E3E9981F4C3CE8002392E5 /* Release */,
			);
			defaultConfigurationIsVisible = 0;
			defaultConfigurationName = Release;
		};
		A5E3E9991F4C3CE8002392E5 /* Build configuration list for PBXNativeTarget "plomyUITests" */ = {
			isa = XCConfigurationList;
			buildConfigurations = (
				A5E3E99A1F4C3CE8002392E5 /* Debug */,
				A5E3E99B1F4C3CE8002392E5 /* Release */,
			);
			defaultConfigurationIsVisible = 0;
			defaultConfigurationName = Release;
		};
/* End XCConfigurationList section */
	};
	rootObject = A5E3E9631F4C3CE8002392E5 /* Project object */;
}
